
Microsoft Visual Studio Solution File, Format Version 12.00
# Visual Studio Version 17
VisualStudioVersion = 17.5.002.0
MinimumVisualStudioVersion = 10.0.40219.1
Project("{9A19103F-16F7-4668-BE54-9A1E7A4F7556}") = "ola-usuario-eu-me-chamo-Murillo", "ola-usuario-eu-me-chamo-Murillo.csproj", "{2262582A-98E4-4955-8B44-0811CBD016B5}"
EndProject
Global
	GlobalSection(SolutionConfigurationPlatforms) = preSolution
		Debug|Any CPU = Debug|Any CPU
		Release|Any CPU = Release|Any CPU
	EndGlobalSection
	GlobalSection(ProjectConfigurationPlatforms) = postSolution
		{2262582A-98E4-4955-8B44-0811CBD016B5}.Debug|Any CPU.ActiveCfg = Debug|Any CPU
		{2262582A-98E4-4955-8B44-0811CBD016B5}.Debug|Any CPU.Build.0 = Debug|Any CPU
		{2262582A-98E4-4955-8B44-0811CBD016B5}.Release|Any CPU.ActiveCfg = Release|Any CPU
		{2262582A-98E4-4955-8B44-0811CBD016B5}.Release|Any CPU.Build.0 = Release|Any CPU
	EndGlobalSection
	GlobalSection(SolutionProperties) = preSolution
		HideSolutionNode = FALSE
	EndGlobalSection
	GlobalSection(ExtensibilityGlobals) = postSolution
		SolutionGuid = {6D24BF94-4CF7-4A8E-A5A4-9F44368EFA29}
	EndGlobalSection
EndGlobal
